
Microsoft Visual Studio Solution File, Format Version 12.00
# Visual Studio Version 17
VisualStudioVersion = 17.11.35327.3
MinimumVisualStudioVersion = 10.0.40219.1
Project("{8BC9CEB8-8B4A-11D0-8D11-00A0C91BC942}") = "MonitoringApplication", "MonitoringApplication.vcxproj", "{31E45E2B-8CD2-4B93-80AD-6FDE11C88E94}"
EndProject
Project("{8BC9CEB8-8B4A-11D0-8D11-00A0C91BC942}") = "HookingDll", "..\HookingDll\HookingDll.vcxproj", "{D910936D-4375-41A6-A1C5-556296E92969}"
EndProject
Project("{8BC9CEB8-8B4A-11D0-8D11-00A0C91BC942}") = "Testing_Program", "..\Testing_Program\Testing_Program.vcxproj", "{34B8825D-5BCE-45C1-A295-22072B982C9F}"
EndProject
Global
	GlobalSection(SolutionConfigurationPlatforms) = preSolution
		Debug|x64 = Debug|x64
		Debug|x86 = Debug|x86
		Release|x64 = Release|x64
		Release|x86 = Release|x86
	EndGlobalSection
	GlobalSection(ProjectConfigurationPlatforms) = postSolution
		{31E45E2B-8CD2-4B93-80AD-6FDE11C88E94}.Debug|x64.ActiveCfg = Debug|x64
		{31E45E2B-8CD2-4B93-80AD-6FDE11C88E94}.Debug|x64.Build.0 = Debug|x64
		{31E45E2B-8CD2-4B93-80AD-6FDE11C88E94}.Debug|x86.ActiveCfg = Debug|Win32
		{31E45E2B-8CD2-4B93-80AD-6FDE11C88E94}.Debug|x86.Build.0 = Debug|Win32
		{31E45E2B-8CD2-4B93-80AD-6FDE11C88E94}.Release|x64.ActiveCfg = Release|x64
		{31E45E2B-8CD2-4B93-80AD-6FDE11C88E94}.Release|x64.Build.0 = Release|x64
		{31E45E2B-8CD2-4B93-80AD-6FDE11C88E94}.Release|x86.ActiveCfg = Release|Win32
		{31E45E2B-8CD2-4B93-80AD-6FDE11C88E94}.Release|x86.Build.0 = Release|Win32
		{D910936D-4375-41A6-A1C5-556296E92969}.Debug|x64.ActiveCfg = Debug|x64
		{D910936D-4375-41A6-A1C5-556296E92969}.Debug|x64.Build.0 = Debug|x64
		{D910936D-4375-41A6-A1C5-556296E92969}.Debug|x86.ActiveCfg = Debug|Win32
		{D910936D-4375-41A6-A1C5-556296E92969}.Debug|x86.Build.0 = Debug|Win32
		{D910936D-4375-41A6-A1C5-556296E92969}.Release|x64.ActiveCfg = Release|x64
		{D910936D-4375-41A6-A1C5-556296E92969}.Release|x64.Build.0 = Release|x64
		{D910936D-4375-41A6-A1C5-556296E92969}.Release|x86.ActiveCfg = Release|Win32
		{D910936D-4375-41A6-A1C5-556296E92969}.Release|x86.Build.0 = Release|Win32
		{34B8825D-5BCE-45C1-A295-22072B982C9F}.Debug|x64.ActiveCfg = Debug|x64
		{34B8825D-5BCE-45C1-A295-22072B982C9F}.Debug|x64.Build.0 = Debug|x64
		{34B8825D-5BCE-45C1-A295-22072B982C9F}.Debug|x86.ActiveCfg = Debug|Win32
		{34B8825D-5BCE-45C1-A295-22072B982C9F}.Debug|x86.Build.0 = Debug|Win32
		{34B8825D-5BCE-45C1-A295-22072B982C9F}.Release|x64.ActiveCfg = Release|x64
		{34B8825D-5BCE-45C1-A295-22072B982C9F}.Release|x64.Build.0 = Release|x64
		{34B8825D-5BCE-45C1-A295-22072B982C9F}.Release|x86.ActiveCfg = Release|Win32
		{34B8825D-5BCE-45C1-A295-22072B982C9F}.Release|x86.Build.0 = Release|Win32
	EndGlobalSection
	GlobalSection(SolutionProperties) = preSolution
		HideSolutionNode = FALSE
	EndGlobalSection
	GlobalSection(ExtensibilityGlobals) = postSolution
		SolutionGuid = {9CE1DF65-FF5B-4C15-8E9F-B883E7BAC45A}
	EndGlobalSection
EndGlobal
